
Microsoft Visual Studio Solution File, Format Version 12.00
# Visual Studio Version 17
VisualStudioVersion = 17.14.36705.20 d17.14
MinimumVisualStudioVersion = 10.0.40219.1
Project("{FAE04EC0-301F-11D3-BF4B-00C04F79EFBC}") = "PracownicyApp_lab3WP", "PracownicyApp_lab3WP\PracownicyApp_lab3WP.csproj", "{3C89E5EC-9ED5-4E2E-89E0-E23C7C693760}"
EndProject
Global
	GlobalSection(SolutionConfigurationPlatforms) = preSolution
		Debug|Any CPU = Debug|Any CPU
		Release|Any CPU = Release|Any CPU
	EndGlobalSection
	GlobalSection(ProjectConfigurationPlatforms) = postSolution
		{3C89E5EC-9ED5-4E2E-89E0-E23C7C693760}.Debug|Any CPU.ActiveCfg = Debug|Any CPU
		{3C89E5EC-9ED5-4E2E-89E0-E23C7C693760}.Debug|Any CPU.Build.0 = Debug|Any CPU
		{3C89E5EC-9ED5-4E2E-89E0-E23C7C693760}.Release|Any CPU.ActiveCfg = Release|Any CPU
		{3C89E5EC-9ED5-4E2E-89E0-E23C7C693760}.Release|Any CPU.Build.0 = Release|Any CPU
	EndGlobalSection
	GlobalSection(SolutionProperties) = preSolution
		HideSolutionNode = FALSE
	EndGlobalSection
	GlobalSection(ExtensibilityGlobals) = postSolution
		SolutionGuid = {0B5A6B25-F719-41A1-A566-8BF3714EF04A}
	EndGlobalSection
EndGlobal
